
Microsoft Visual Studio Solution File, Format Version 12.00
# Visual Studio Version 17
VisualStudioVersion = 17.5.002.0
MinimumVisualStudioVersion = 10.0.40219.1
Project("{FAE04EC0-301F-11D3-BF4B-00C04F79EFBC}") = "Infra", "src\Infra\Infra.csproj", "{FB2CBF86-5368-4E7D-B8A4-3A6815B63240}"
EndProject
Project("{FAE04EC0-301F-11D3-BF4B-00C04F79EFBC}") = "Domain", "src\Domain\Domain.csproj", "{C2301B92-986A-4563-BA21-F0873022E607}"
EndProject
Project("{FAE04EC0-301F-11D3-BF4B-00C04F79EFBC}") = "Application", "src\Application\Application.csproj", "{1F709773-01F7-4E6E-A385-982CC60DA1EA}"
EndProject
Project("{FAE04EC0-301F-11D3-BF4B-00C04F79EFBC}") = "Bootstrap", "src\Bootstrap\Bootstrap.csproj", "{80528D53-F08A-4A78-9F30-25C4BF540142}"
EndProject
Project("{FAE04EC0-301F-11D3-BF4B-00C04F79EFBC}") = "API", "src\API\API.csproj", "{80904A34-834A-4B22-A27F-D81501FCC8EB}"
EndProject
Global
	GlobalSection(SolutionConfigurationPlatforms) = preSolution
		Debug|Any CPU = Debug|Any CPU
		Release|Any CPU = Release|Any CPU
	EndGlobalSection
	GlobalSection(ProjectConfigurationPlatforms) = postSolution
		{E377CB3B-1A9C-4F7C-B6F9-91DBE78A68A5}.Debug|Any CPU.ActiveCfg = Debug|Any CPU
		{E377CB3B-1A9C-4F7C-B6F9-91DBE78A68A5}.Debug|Any CPU.Build.0 = Debug|Any CPU
		{E377CB3B-1A9C-4F7C-B6F9-91DBE78A68A5}.Release|Any CPU.ActiveCfg = Release|Any CPU
		{E377CB3B-1A9C-4F7C-B6F9-91DBE78A68A5}.Release|Any CPU.Build.0 = Release|Any CPU
		{FB2CBF86-5368-4E7D-B8A4-3A6815B63240}.Debug|Any CPU.ActiveCfg = Debug|Any CPU
		{FB2CBF86-5368-4E7D-B8A4-3A6815B63240}.Debug|Any CPU.Build.0 = Debug|Any CPU
		{FB2CBF86-5368-4E7D-B8A4-3A6815B63240}.Release|Any CPU.ActiveCfg = Release|Any CPU
		{FB2CBF86-5368-4E7D-B8A4-3A6815B63240}.Release|Any CPU.Build.0 = Release|Any CPU
		{C2301B92-986A-4563-BA21-F0873022E607}.Debug|Any CPU.ActiveCfg = Debug|Any CPU
		{C2301B92-986A-4563-BA21-F0873022E607}.Debug|Any CPU.Build.0 = Debug|Any CPU
		{C2301B92-986A-4563-BA21-F0873022E607}.Release|Any CPU.ActiveCfg = Release|Any CPU
		{C2301B92-986A-4563-BA21-F0873022E607}.Release|Any CPU.Build.0 = Release|Any CPU
		{1F709773-01F7-4E6E-A385-982CC60DA1EA}.Debug|Any CPU.ActiveCfg = Debug|Any CPU
		{1F709773-01F7-4E6E-A385-982CC60DA1EA}.Debug|Any CPU.Build.0 = Debug|Any CPU
		{1F709773-01F7-4E6E-A385-982CC60DA1EA}.Release|Any CPU.ActiveCfg = Release|Any CPU
		{1F709773-01F7-4E6E-A385-982CC60DA1EA}.Release|Any CPU.Build.0 = Release|Any CPU
		{80528D53-F08A-4A78-9F30-25C4BF540142}.Debug|Any CPU.ActiveCfg = Debug|Any CPU
		{80528D53-F08A-4A78-9F30-25C4BF540142}.Debug|Any CPU.Build.0 = Debug|Any CPU
		{80528D53-F08A-4A78-9F30-25C4BF540142}.Release|Any CPU.ActiveCfg = Release|Any CPU
		{80528D53-F08A-4A78-9F30-25C4BF540142}.Release|Any CPU.Build.0 = Release|Any CPU
		{80904A34-834A-4B22-A27F-D81501FCC8EB}.Debug|Any CPU.ActiveCfg = Debug|Any CPU
		{80904A34-834A-4B22-A27F-D81501FCC8EB}.Debug|Any CPU.Build.0 = Debug|Any CPU
		{80904A34-834A-4B22-A27F-D81501FCC8EB}.Release|Any CPU.ActiveCfg = Release|Any CPU
		{80904A34-834A-4B22-A27F-D81501FCC8EB}.Release|Any CPU.Build.0 = Release|Any CPU
	EndGlobalSection
	GlobalSection(SolutionProperties) = preSolution
		HideSolutionNode = FALSE
	EndGlobalSection
	GlobalSection(ExtensibilityGlobals) = postSolution
		SolutionGuid = {F8EF5208-2BC9-40C5-8BD9-9614F30A1AD1}
	EndGlobalSection
EndGlobal
